
Microsoft Visual Studio Solution File, Format Version 12.00
# Visual Studio Version 17
VisualStudioVersion = 17.2.32616.157
MinimumVisualStudioVersion = 10.0.40219.1
Project("{FAE04EC0-301F-11D3-BF4B-00C04F79EFBC}") = "ConsoleApp1", "ConsoleApp1\ConsoleApp1.csproj", "{855148CA-E09A-4B7F-80DC-D91B636ACF98}"
EndProject
Global
	GlobalSection(SolutionConfigurationPlatforms) = preSolution
		Debug|Any CPU = Debug|Any CPU
		Release|Any CPU = Release|Any CPU
	EndGlobalSection
	GlobalSection(ProjectConfigurationPlatforms) = postSolution
		{855148CA-E09A-4B7F-80DC-D91B636ACF98}.Debug|Any CPU.ActiveCfg = Debug|Any CPU
		{855148CA-E09A-4B7F-80DC-D91B636ACF98}.Debug|Any CPU.Build.0 = Debug|Any CPU
		{855148CA-E09A-4B7F-80DC-D91B636ACF98}.Release|Any CPU.ActiveCfg = Release|Any CPU
		{855148CA-E09A-4B7F-80DC-D91B636ACF98}.Release|Any CPU.Build.0 = Release|Any CPU
	EndGlobalSection
	GlobalSection(SolutionProperties) = preSolution
		HideSolutionNode = FALSE
	EndGlobalSection
	GlobalSection(ExtensibilityGlobals) = postSolution
		SolutionGuid = {B288051A-D936-461C-BD0B-14AC7FEC462E}
	EndGlobalSection
EndGlobal
